
Microsoft Visual Studio Solution File, Format Version 12.00
# Visual Studio 15
VisualStudioVersion = 15.0.27004.2010
MinimumVisualStudioVersion = 10.0.40219.1
Project("{FAE04EC0-301F-11D3-BF4B-00C04F79EFBC}") = "RowDefinitions", "RowDefinitions\RowDefinitions.csproj", "{8C712A85-BC03-4FE0-9458-FA3E99C97CA2}"
EndProject
Global
	GlobalSection(SolutionConfigurationPlatforms) = preSolution
		Debug|ARM = Debug|ARM
		Debug|x64 = Debug|x64
		Debug|x86 = Debug|x86
		Release|ARM = Release|ARM
		Release|x64 = Release|x64
		Release|x86 = Release|x86
	EndGlobalSection
	GlobalSection(ProjectConfigurationPlatforms) = postSolution
		{8C712A85-BC03-4FE0-9458-FA3E99C97CA2}.Debug|ARM.ActiveCfg = Debug|ARM
		{8C712A85-BC03-4FE0-9458-FA3E99C97CA2}.Debug|ARM.Build.0 = Debug|ARM
		{8C712A85-BC03-4FE0-9458-FA3E99C97CA2}.Debug|ARM.Deploy.0 = Debug|ARM
		{8C712A85-BC03-4FE0-9458-FA3E99C97CA2}.Debug|x64.ActiveCfg = Debug|x64
		{8C712A85-BC03-4FE0-9458-FA3E99C97CA2}.Debug|x64.Build.0 = Debug|x64
		{8C712A85-BC03-4FE0-9458-FA3E99C97CA2}.Debug|x64.Deploy.0 = Debug|x64
		{8C712A85-BC03-4FE0-9458-FA3E99C97CA2}.Debug|x86.ActiveCfg = Debug|x86
		{8C712A85-BC03-4FE0-9458-FA3E99C97CA2}.Debug|x86.Build.0 = Debug|x86
		{8C712A85-BC03-4FE0-9458-FA3E99C97CA2}.Debug|x86.Deploy.0 = Debug|x86
		{8C712A85-BC03-4FE0-9458-FA3E99C97CA2}.Release|ARM.ActiveCfg = Release|ARM
		{8C712A85-BC03-4FE0-9458-FA3E99C97CA2}.Release|ARM.Build.0 = Release|ARM
		{8C712A85-BC03-4FE0-9458-FA3E99C97CA2}.Release|ARM.Deploy.0 = Release|ARM
		{8C712A85-BC03-4FE0-9458-FA3E99C97CA2}.Release|x64.ActiveCfg = Release|x64
		{8C712A85-BC03-4FE0-9458-FA3E99C97CA2}.Release|x64.Build.0 = Release|x64
		{8C712A85-BC03-4FE0-9458-FA3E99C97CA2}.Release|x64.Deploy.0 = Release|x64
		{8C712A85-BC03-4FE0-9458-FA3E99C97CA2}.Release|x86.ActiveCfg = Release|x86
		{8C712A85-BC03-4FE0-9458-FA3E99C97CA2}.Release|x86.Build.0 = Release|x86
		{8C712A85-BC03-4FE0-9458-FA3E99C97CA2}.Release|x86.Deploy.0 = Release|x86
	EndGlobalSection
	GlobalSection(SolutionProperties) = preSolution
		HideSolutionNode = FALSE
	EndGlobalSection
	GlobalSection(ExtensibilityGlobals) = postSolution
		SolutionGuid = {BD39CE0D-C771-4F1B-B28C-2C9D4E23E57F}
	EndGlobalSection
EndGlobal
