
Microsoft Visual Studio Solution File, Format Version 12.00
# Visual Studio 15
VisualStudioVersion = 15.0.27004.2010
MinimumVisualStudioVersion = 10.0.40219.1
Project("{FAE04EC0-301F-11D3-BF4B-00C04F79EFBC}") = "Controle TextBox", "Controle TextBox\Controle TextBox.csproj", "{0B8EB6CD-C6D6-4EA8-A484-DA85600F50A9}"
EndProject
Global
	GlobalSection(SolutionConfigurationPlatforms) = preSolution
		Debug|Any CPU = Debug|Any CPU
		Release|Any CPU = Release|Any CPU
	EndGlobalSection
	GlobalSection(ProjectConfigurationPlatforms) = postSolution
		{0B8EB6CD-C6D6-4EA8-A484-DA85600F50A9}.Debug|Any CPU.ActiveCfg = Debug|Any CPU
		{0B8EB6CD-C6D6-4EA8-A484-DA85600F50A9}.Debug|Any CPU.Build.0 = Debug|Any CPU
		{0B8EB6CD-C6D6-4EA8-A484-DA85600F50A9}.Release|Any CPU.ActiveCfg = Release|Any CPU
		{0B8EB6CD-C6D6-4EA8-A484-DA85600F50A9}.Release|Any CPU.Build.0 = Release|Any CPU
	EndGlobalSection
	GlobalSection(SolutionProperties) = preSolution
		HideSolutionNode = FALSE
	EndGlobalSection
	GlobalSection(ExtensibilityGlobals) = postSolution
		SolutionGuid = {DB60F6B0-BFC3-4C70-BBE0-BC0B76D35AD4}
	EndGlobalSection
EndGlobal
